
Microsoft Visual Studio Solution File, Format Version 12.00
# Visual Studio Version 16
VisualStudioVersion = 16.0.30104.148
MinimumVisualStudioVersion = 10.0.40219.1
Project("{FAE04EC0-301F-11D3-BF4B-00C04F79EFBC}") = "TestGit", "TestGit\TestGit.csproj", "{8EFD95D9-1C58-4CA2-A7CC-09B94E068D80}"
EndProject
Global
	GlobalSection(SolutionConfigurationPlatforms) = preSolution
		Debug|Any CPU = Debug|Any CPU
		Release|Any CPU = Release|Any CPU
	EndGlobalSection
	GlobalSection(ProjectConfigurationPlatforms) = postSolution
		{8EFD95D9-1C58-4CA2-A7CC-09B94E068D80}.Debug|Any CPU.ActiveCfg = Debug|Any CPU
		{8EFD95D9-1C58-4CA2-A7CC-09B94E068D80}.Debug|Any CPU.Build.0 = Debug|Any CPU
		{8EFD95D9-1C58-4CA2-A7CC-09B94E068D80}.Release|Any CPU.ActiveCfg = Release|Any CPU
		{8EFD95D9-1C58-4CA2-A7CC-09B94E068D80}.Release|Any CPU.Build.0 = Release|Any CPU
	EndGlobalSection
	GlobalSection(SolutionProperties) = preSolution
		HideSolutionNode = FALSE
	EndGlobalSection
	GlobalSection(ExtensibilityGlobals) = postSolution
		SolutionGuid = {D364AB8D-C84D-490B-96E5-C1AE9D05E264}
	EndGlobalSection
EndGlobal
